// !$*UTF8*$!
{
	archiveVersion = 1;
	classes = {
	};
	objectVersion = 77;
	objects = {

/* Begin PBXContainerItemProxy section */
		BE72910A2CB124F00087E19D /* PBXContainerItemProxy */ = {
			isa = PBXContainerItemProxy;
			containerPortal = BE7290F02CB124EC0087E19D /* Project object */;
			proxyType = 1;
			remoteGlobalIDString = BE7290F72CB124EC0087E19D;
			remoteInfo = LargeText;
		};
		BE7291142CB124F00087E19D /* PBXContainerItemProxy */ = {
			isa = PBXContainerItemProxy;
			containerPortal = BE7290F02CB124EC0087E19D /* Project object */;
			proxyType = 1;
			remoteGlobalIDString = BE7290F72CB124EC0087E19D;
			remoteInfo = LargeText;
		};
/* End PBXContainerItemProxy section */

/* Begin PBXFileReference section */
		BE7290F82CB124EC0087E19D /* LargeText.app */ = {isa = PBXFileReference; explicitFileType = wrapper.application; includeInIndex = 0; path = LargeText.app; sourceTree = BUILT_PRODUCTS_DIR; };
		BE7291092CB124F00087E19D /* LargeTextTests.xctest */ = {isa = PBXFileReference; explicitFileType = wrapper.cfbundle; includeInIndex = 0; path = LargeTextTests.xctest; sourceTree = BUILT_PRODUCTS_DIR; };
		BE7291132CB124F00087E19D /* LargeTextUITests.xctest */ = {isa = PBXFileReference; explicitFileType = wrapper.cfbundle; includeInIndex = 0; path = LargeTextUITests.xctest; sourceTree = BUILT_PRODUCTS_DIR; };
/* End PBXFileReference section */

/* Begin PBXFileSystemSynchronizedRootGroup section */
		BE7290FA2CB124EC0087E19D /* LargeText */ = {
			isa = PBXFileSystemSynchronizedRootGroup;
			path = LargeText;
			sourceTree = "<group>";
		};
		BE72910C2CB124F00087E19D /* LargeTextTests */ = {
			isa = PBXFileSystemSynchronizedRootGroup;
			path = LargeTextTests;
			sourceTree = "<group>";
		};
		BE7291162CB124F00087E19D /* LargeTextUITests */ = {
			isa = PBXFileSystemSynchronizedRootGroup;
			path = LargeTextUITests;
			sourceTree = "<group>";
		};
/* End PBXFileSystemSynchronizedRootGroup section */

/* Begin PBXFrameworksBuildPhase section */
		BE7290F52CB124EC0087E19D /* Frameworks */ = {
			isa = PBXFrameworksBuildPhase;
			buildActionMask = 2147483647;
			files = (
			);
			runOnlyForDeploymentPostprocessing = 0;
		};
		BE7291062CB124F00087E19D /* Frameworks */ = {
			isa = PBXFrameworksBuildPhase;
			buildActionMask = 2147483647;
			files = (
			);
			runOnlyForDeploymentPostprocessing = 0;
		};
		BE7291102CB124F00087E19D /* Frameworks */ = {
			isa = PBXFrameworksBuildPhase;
			buildActionMask = 2147483647;
			files = (
			);
			runOnlyForDeploymentPostprocessing = 0;
		};
/* End PBXFrameworksBuildPhase section */

/* Begin PBXGroup section */
		BE7290EF2CB124EB0087E19D = {
			isa = PBXGroup;
			children = (
				BE7290FA2CB124EC0087E19D /* LargeText */,
				BE72910C2CB124F00087E19D /* LargeTextTests */,
				BE7291162CB124F00087E19D /* LargeTextUITests */,
				BE7290F92CB124EC0087E19D /* Products */,
			);
			sourceTree = "<group>";
		};
		BE7290F92CB124EC0087E19D /* Products */ = {
			isa = PBXGroup;
			children = (
				BE7290F82CB124EC0087E19D /* LargeText.app */,
				BE7291092CB124F00087E19D /* LargeTextTests.xctest */,
				BE7291132CB124F00087E19D /* LargeTextUITests.xctest */,
			);
			name = Products;
			sourceTree = "<group>";
		};
/* End PBXGroup section */

/* Begin PBXNativeTarget section */
		BE7290F72CB124EC0087E19D /* LargeText */ = {
			isa = PBXNativeTarget;
			buildConfigurationList = BE72911D2CB124F00087E19D /* Build configuration list for PBXNativeTarget "LargeText" */;
			buildPhases = (
				BE7290F42CB124EC0087E19D /* Sources */,
				BE7290F52CB124EC0087E19D /* Frameworks */,
				BE7290F62CB124EC0087E19D /* Resources */,
			);
			buildRules = (
			);
			dependencies = (
			);
			fileSystemSynchronizedGroups = (
				BE7290FA2CB124EC0087E19D /* LargeText */,
			);
			name = LargeText;
			packageProductDependencies = (
			);
			productName = LargeText;
			productReference = BE7290F82CB124EC0087E19D /* LargeText.app */;
			productType = "com.apple.product-type.application";
		};
		BE7291082CB124F00087E19D /* LargeTextTests */ = {
			isa = PBXNativeTarget;
			buildConfigurationList = BE7291202CB124F00087E19D /* Build configuration list for PBXNativeTarget "LargeTextTests" */;
			buildPhases = (
				BE7291052CB124F00087E19D /* Sources */,
				BE7291062CB124F00087E19D /* Frameworks */,
				BE7291072CB124F00087E19D /* Resources */,
			);
			buildRules = (
			);
			dependencies = (
				BE72910B2CB124F00087E19D /* PBXTargetDependency */,
			);
			fileSystemSynchronizedGroups = (
				BE72910C2CB124F00087E19D /* LargeTextTests */,
			);
			name = LargeTextTests;
			packageProductDependencies = (
			);
			productName = LargeTextTests;
			productReference = BE7291092CB124F00087E19D /* LargeTextTests.xctest */;
			productType = "com.apple.product-type.bundle.unit-test";
		};
		BE7291122CB124F00087E19D /* LargeTextUITests */ = {
			isa = PBXNativeTarget;
			buildConfigurationList = BE7291232CB124F00087E19D /* Build configuration list for PBXNativeTarget "LargeTextUITests" */;
			buildPhases = (
				BE72910F2CB124F00087E19D /* Sources */,
				BE7291102CB124F00087E19D /* Frameworks */,
				BE7291112CB124F00087E19D /* Resources */,
			);
			buildRules = (
			);
			dependencies = (
				BE7291152CB124F00087E19D /* PBXTargetDependency */,
			);
			fileSystemSynchronizedGroups = (
				BE7291162CB124F00087E19D /* LargeTextUITests */,
			);
			name = LargeTextUITests;
			packageProductDependencies = (
			);
			productName = LargeTextUITests;
			productReference = BE7291132CB124F00087E19D /* LargeTextUITests.xctest */;
			productType = "com.apple.product-type.bundle.ui-testing";
		};
/* End PBXNativeTarget section */

/* Begin PBXProject section */
		BE7290F02CB124EC0087E19D /* Project object */ = {
			isa = PBXProject;
			attributes = {
				BuildIndependentTargetsInParallel = 1;
				LastSwiftUpdateCheck = 1600;
				LastUpgradeCheck = 1600;
				TargetAttributes = {
					BE7290F72CB124EC0087E19D = {
						CreatedOnToolsVersion = 16.0;
					};
					BE7291082CB124F00087E19D = {
						CreatedOnToolsVersion = 16.0;
						TestTargetID = BE7290F72CB124EC0087E19D;
					};
					BE7291122CB124F00087E19D = {
						CreatedOnToolsVersion = 16.0;
						TestTargetID = BE7290F72CB124EC0087E19D;
					};
				};
			};
			buildConfigurationList = BE7290F32CB124EC0087E19D /* Build configuration list for PBXProject "LargeText" */;
			developmentRegion = en;
			hasScannedForEncodings = 0;
			knownRegions = (
				en,
				Base,
			);
			mainGroup = BE7290EF2CB124EB0087E19D;
			minimizedProjectReferenceProxies = 1;
			preferredProjectObjectVersion = 77;
			productRefGroup = BE7290F92CB124EC0087E19D /* Products */;
			projectDirPath = "";
			projectRoot = "";
			targets = (
				BE7290F72CB124EC0087E19D /* LargeText */,
				BE7291082CB124F00087E19D /* LargeTextTests */,
				BE7291122CB124F00087E19D /* LargeTextUITests */,
			);
		};
/* End PBXProject section */

/* Begin PBXResourcesBuildPhase section */
		BE7290F62CB124EC0087E19D /* Resources */ = {
			isa = PBXResourcesBuildPhase;
			buildActionMask = 2147483647;
			files = (
			);
			runOnlyForDeploymentPostprocessing = 0;
		};
		BE7291072CB124F00087E19D /* Resources */ = {
			isa = PBXResourcesBuildPhase;
			buildActionMask = 2147483647;
			files = (
			);
			runOnlyForDeploymentPostprocessing = 0;
		};
		BE7291112CB124F00087E19D /* Resources */ = {
			isa = PBXResourcesBuildPhase;
			buildActionMask = 2147483647;
			files = (
			);
			runOnlyForDeploymentPostprocessing = 0;
		};
/* End PBXResourcesBuildPhase section */

/* Begin PBXSourcesBuildPhase section */
		BE7290F42CB124EC0087E19D /* Sources */ = {
			isa = PBXSourcesBuildPhase;
			buildActionMask = 2147483647;
			files = (
			);
			runOnlyForDeploymentPostprocessing = 0;
		};
		BE7291052CB124F00087E19D /* Sources */ = {
			isa = PBXSourcesBuildPhase;
			buildActionMask = 2147483647;
			files = (
			);
			runOnlyForDeploymentPostprocessing = 0;
		};
		BE72910F2CB124F00087E19D /* Sources */ = {
			isa = PBXSourcesBuildPhase;
			buildActionMask = 2147483647;
			files = (
			);
			runOnlyForDeploymentPostprocessing = 0;
		};
/* End PBXSourcesBuildPhase section */

/* Begin PBXTargetDependency section */
		BE72910B2CB124F00087E19D /* PBXTargetDependency */ = {
			isa = PBXTargetDependency;
			target = BE7290F72CB124EC0087E19D /* LargeText */;
			targetProxy = BE72910A2CB124F00087E19D /* PBXContainerItemProxy */;
		};
		BE7291152CB124F00087E19D /* PBXTargetDependency */ = {
			isa = PBXTargetDependency;
			target = BE7290F72CB124EC0087E19D /* LargeText */;
			targetProxy = BE7291142CB124F00087E19D /* PBXContainerItemProxy */;
		};
/* End PBXTargetDependency section */

/* Begin XCBuildConfiguration section */
		BE72911B2CB124F00087E19D /* Debug */ = {
			isa = XCBuildConfiguration;
			buildSettings = {
				ALWAYS_SEARCH_USER_PATHS = NO;
				ASSETCATALOG_COMPILER_GENERATE_SWIFT_ASSET_SYMBOL_EXTENSIONS = YES;
				CLANG_ANALYZER_NONNULL = YES;
				CLANG_ANALYZER_NUMBER_OBJECT_CONVERSION = YES_AGGRESSIVE;
				CLANG_CXX_LANGUAGE_STANDARD = "gnu++20";
				CLANG_ENABLE_MODULES = YES;
				CLANG_ENABLE_OBJC_ARC = YES;
				CLANG_ENABLE_OBJC_WEAK = YES;
				CLANG_WARN_BLOCK_CAPTURE_AUTORELEASING = YES;
				CLANG_WARN_BOOL_CONVERSION = YES;
				CLANG_WARN_COMMA = YES;
				CLANG_WARN_CONSTANT_CONVERSION = YES;
				CLANG_WARN_DEPRECATED_OBJC_IMPLEMENTATIONS = YES;
				CLANG_WARN_DIRECT_OBJC_ISA_USAGE = YES_ERROR;
				CLANG_WARN_DOCUMENTATION_COMMENTS = YES;
				CLANG_WARN_EMPTY_BODY = YES;
				CLANG_WARN_ENUM_CONVERSION = YES;
				CLANG_WARN_INFINITE_RECURSION = YES;
				CLANG_WARN_INT_CONVERSION = YES;
				CLANG_WARN_NON_LITERAL_NULL_CONVERSION = YES;
				CLANG_WARN_OBJC_IMPLICIT_RETAIN_SELF = YES;
				CLANG_WARN_OBJC_LITERAL_CONVERSION = YES;
				CLANG_WARN_OBJC_ROOT_CLASS = YES_ERROR;
				CLANG_WARN_QUOTED_INCLUDE_IN_FRAMEWORK_HEADER = YES;
				CLANG_WARN_RANGE_LOOP_ANALYSIS = YES;
				CLANG_WARN_STRICT_PROTOTYPES = YES;
				CLANG_WARN_SUSPICIOUS_MOVE = YES;
				CLANG_WARN_UNGUARDED_AVAILABILITY = YES_AGGRESSIVE;
				CLANG_WARN_UNREACHABLE_CODE = YES;
				CLANG_WARN__DUPLICATE_METHOD_MATCH = YES;
				COPY_PHASE_STRIP = NO;
				DEBUG_INFORMATION_FORMAT = dwarf;
				ENABLE_STRICT_OBJC_MSGSEND = YES;
				ENABLE_TESTABILITY = YES;
				ENABLE_USER_SCRIPT_SANDBOXING = YES;
				GCC_C_LANGUAGE_STANDARD = gnu17;
				GCC_DYNAMIC_NO_PIC = NO;
				GCC_NO_COMMON_BLOCKS = YES;
				GCC_OPTIMIZATION_LEVEL = 0;
				GCC_PREPROCESSOR_DEFINITIONS = (
					"DEBUG=1",
					"$(inherited)",
				);
				GCC_WARN_64_TO_32_BIT_CONVERSION = YES;
				GCC_WARN_ABOUT_RETURN_TYPE = YES_ERROR;
				GCC_WARN_UNDECLARED_SELECTOR = YES;
				GCC_WARN_UNINITIALIZED_AUTOS = YES_AGGRESSIVE;
				GCC_WARN_UNUSED_FUNCTION = YES;
				GCC_WARN_UNUSED_VARIABLE = YES;
				LOCALIZATION_PREFERS_STRING_CATALOGS = YES;
				MACOSX_DEPLOYMENT_TARGET = 14.6;
				MTL_ENABLE_DEBUG_INFO = INCLUDE_SOURCE;
				MTL_FAST_MATH = YES;
				ONLY_ACTIVE_ARCH = YES;
				SDKROOT = macosx;
				SWIFT_ACTIVE_COMPILATION_CONDITIONS = "DEBUG $(inherited)";
				SWIFT_OPTIMIZATION_LEVEL = "-Onone";
			};
			name = Debug;
		};
		BE72911C2CB124F00087E19D /* Release */ = {
			isa = XCBuildConfiguration;
			buildSettings = {
				ALWAYS_SEARCH_USER_PATHS = NO;
				ASSETCATALOG_COMPILER_GENERATE_SWIFT_ASSET_SYMBOL_EXTENSIONS = YES;
				CLANG_ANALYZER_NONNULL = YES;
				CLANG_ANALYZER_NUMBER_OBJECT_CONVERSION = YES_AGGRESSIVE;
				CLANG_CXX_LANGUAGE_STANDARD = "gnu++20";
				CLANG_ENABLE_MODULES = YES;
				CLANG_ENABLE_OBJC_ARC = YES;
				CLANG_ENABLE_OBJC_WEAK = YES;
				CLANG_WARN_BLOCK_CAPTURE_AUTORELEASING = YES;
				CLANG_WARN_BOOL_CONVERSION = YES;
				CLANG_WARN_COMMA = YES;
				CLANG_WARN_CONSTANT_CONVERSION = YES;
				CLANG_WARN_DEPRECATED_OBJC_IMPLEMENTATIONS = YES;
				CLANG_WARN_DIRECT_OBJC_ISA_USAGE = YES_ERROR;
				CLANG_WARN_DOCUMENTATION_COMMENTS = YES;
				CLANG_WARN_EMPTY_BODY = YES;
				CLANG_WARN_ENUM_CONVERSION = YES;
				CLANG_WARN_INFINITE_RECURSION = YES;
				CLANG_WARN_INT_CONVERSION = YES;
				CLANG_WARN_NON_LITERAL_NULL_CONVERSION = YES;
				CLANG_WARN_OBJC_IMPLICIT_RETAIN_SELF = YES;
				CLANG_WARN_OBJC_LITERAL_CONVERSION = YES;
				CLANG_WARN_OBJC_ROOT_CLASS = YES_ERROR;
				CLANG_WARN_QUOTED_INCLUDE_IN_FRAMEWORK_HEADER = YES;
				CLANG_WARN_RANGE_LOOP_ANALYSIS = YES;
				CLANG_WARN_STRICT_PROTOTYPES = YES;
				CLANG_WARN_SUSPICIOUS_MOVE = YES;
				CLANG_WARN_UNGUARDED_AVAILABILITY = YES_AGGRESSIVE;
				CLANG_WARN_UNREACHABLE_CODE = YES;
				CLANG_WARN__DUPLICATE_METHOD_MATCH = YES;
				COPY_PHASE_STRIP = NO;
				DEBUG_INFORMATION_FORMAT = "dwarf-with-dsym";
				ENABLE_NS_ASSERTIONS = NO;
				ENABLE_STRICT_OBJC_MSGSEND = YES;
				ENABLE_USER_SCRIPT_SANDBOXING = YES;
				GCC_C_LANGUAGE_STANDARD = gnu17;
				GCC_NO_COMMON_BLOCKS = YES;
				GCC_WARN_64_TO_32_BIT_CONVERSION = YES;
				GCC_WARN_ABOUT_RETURN_TYPE = YES_ERROR;
				GCC_WARN_UNDECLARED_SELECTOR = YES;
				GCC_WARN_UNINITIALIZED_AUTOS = YES_AGGRESSIVE;
				GCC_WARN_UNUSED_FUNCTION = YES;
				GCC_WARN_UNUSED_VARIABLE = YES;
				LOCALIZATION_PREFERS_STRING_CATALOGS = YES;
				MACOSX_DEPLOYMENT_TARGET = 14.6;
				MTL_ENABLE_DEBUG_INFO = NO;
				MTL_FAST_MATH = YES;
				SDKROOT = macosx;
				SWIFT_COMPILATION_MODE = wholemodule;
			};
			name = Release;
		};
		BE72911E2CB124F00087E19D /* Debug */ = {
			isa = XCBuildConfiguration;
			buildSettings = {
				ASSETCATALOG_COMPILER_APPICON_NAME = AppIcon;
				ASSETCATALOG_COMPILER_GLOBAL_ACCENT_COLOR_NAME = AccentColor;
				CODE_SIGN_ENTITLEMENTS = LargeText/LargeText.entitlements;
				CODE_SIGN_STYLE = Automatic;
				COMBINE_HIDPI_IMAGES = YES;
				CURRENT_PROJECT_VERSION = 1;
				DEVELOPMENT_ASSET_PATHS = "\"LargeText/Preview Content\"";
				ENABLE_PREVIEWS = YES;
				GENERATE_INFOPLIST_FILE = YES;
				INFOPLIST_KEY_NSHumanReadableCopyright = "";
				LD_RUNPATH_SEARCH_PATHS = (
					"$(inherited)",
					"@executable_path/../Frameworks",
				);
				MARKETING_VERSION = 1.0;
				PRODUCT_BUNDLE_IDENTIFIER = akuraru.LargeText;
				PRODUCT_NAME = "$(TARGET_NAME)";
				SUPPORTED_PLATFORMS = "iphoneos iphonesimulator macosx";
				SUPPORTS_MACCATALYST = NO;
				SWIFT_EMIT_LOC_STRINGS = YES;
				SWIFT_VERSION = 5.0;
				TARGETED_DEVICE_FAMILY = 1;
			};
			name = Debug;
		};
		BE72911F2CB124F00087E19D /* Release */ = {
			isa = XCBuildConfiguration;
			buildSettings = {
				ASSETCATALOG_COMPILER_APPICON_NAME = AppIcon;
				ASSETCATALOG_COMPILER_GLOBAL_ACCENT_COLOR_NAME = AccentColor;
				CODE_SIGN_ENTITLEMENTS = LargeText/LargeText.entitlements;
				CODE_SIGN_STYLE = Automatic;
				COMBINE_HIDPI_IMAGES = YES;
				CURRENT_PROJECT_VERSION = 1;
				DEVELOPMENT_ASSET_PATHS = "\"LargeText/Preview Content\"";
				ENABLE_PREVIEWS = YES;
				GENERATE_INFOPLIST_FILE = YES;
				INFOPLIST_KEY_NSHumanReadableCopyright = "";
				LD_RUNPATH_SEARCH_PATHS = (
					"$(inherited)",
					"@executable_path/../Frameworks",
				);
				MARKETING_VERSION = 1.0;
				PRODUCT_BUNDLE_IDENTIFIER = akuraru.LargeText;
				PRODUCT_NAME = "$(TARGET_NAME)";
				SUPPORTED_PLATFORMS = "iphoneos iphonesimulator macosx";
				SUPPORTS_MACCATALYST = NO;
				SWIFT_EMIT_LOC_STRINGS = YES;
				SWIFT_VERSION = 5.0;
				TARGETED_DEVICE_FAMILY = 1;
			};
			name = Release;
		};
		BE7291212CB124F00087E19D /* Debug */ = {
			isa = XCBuildConfiguration;
			buildSettings = {
				BUNDLE_LOADER = "$(TEST_HOST)";
				CODE_SIGN_STYLE = Automatic;
				CURRENT_PROJECT_VERSION = 1;
				GENERATE_INFOPLIST_FILE = YES;
				MACOSX_DEPLOYMENT_TARGET = 14.6;
				MARKETING_VERSION = 1.0;
				PRODUCT_BUNDLE_IDENTIFIER = akuraru.LargeTextTests;
				PRODUCT_NAME = "$(TARGET_NAME)";
				SWIFT_EMIT_LOC_STRINGS = NO;
				SWIFT_VERSION = 5.0;
				TEST_HOST = "$(BUILT_PRODUCTS_DIR)/LargeText.app/$(BUNDLE_EXECUTABLE_FOLDER_PATH)/LargeText";
			};
			name = Debug;
		};
		BE7291222CB124F00087E19D /* Release */ = {
			isa = XCBuildConfiguration;
			buildSettings = {
				BUNDLE_LOADER = "$(TEST_HOST)";
				CODE_SIGN_STYLE = Automatic;
				CURRENT_PROJECT_VERSION = 1;
				GENERATE_INFOPLIST_FILE = YES;
				MACOSX_DEPLOYMENT_TARGET = 14.6;
				MARKETING_VERSION = 1.0;
				PRODUCT_BUNDLE_IDENTIFIER = akuraru.LargeTextTests;
				PRODUCT_NAME = "$(TARGET_NAME)";
				SWIFT_EMIT_LOC_STRINGS = NO;
				SWIFT_VERSION = 5.0;
				TEST_HOST = "$(BUILT_PRODUCTS_DIR)/LargeText.app/$(BUNDLE_EXECUTABLE_FOLDER_PATH)/LargeText";
			};
			name = Release;
		};
		BE7291242CB124F00087E19D /* Debug */ = {
			isa = XCBuildConfiguration;
			buildSettings = {
				CODE_SIGN_STYLE = Automatic;
				CURRENT_PROJECT_VERSION = 1;
				GENERATE_INFOPLIST_FILE = YES;
				MARKETING_VERSION = 1.0;
				PRODUCT_BUNDLE_IDENTIFIER = akuraru.LargeTextUITests;
				PRODUCT_NAME = "$(TARGET_NAME)";
				SWIFT_EMIT_LOC_STRINGS = NO;
				SWIFT_VERSION = 5.0;
				TEST_TARGET_NAME = LargeText;
			};
			name = Debug;
		};
		BE7291252CB124F00087E19D /* Release */ = {
			isa = XCBuildConfiguration;
			buildSettings = {
				CODE_SIGN_STYLE = Automatic;
				CURRENT_PROJECT_VERSION = 1;
				GENERATE_INFOPLIST_FILE = YES;
				MARKETING_VERSION = 1.0;
				PRODUCT_BUNDLE_IDENTIFIER = akuraru.LargeTextUITests;
				PRODUCT_NAME = "$(TARGET_NAME)";
				SWIFT_EMIT_LOC_STRINGS = NO;
				SWIFT_VERSION = 5.0;
				TEST_TARGET_NAME = LargeText;
			};
			name = Release;
		};
/* End XCBuildConfiguration section */

/* Begin XCConfigurationList section */
		BE7290F32CB124EC0087E19D /* Build configuration list for PBXProject "LargeText" */ = {
			isa = XCConfigurationList;
			buildConfigurations = (
				BE72911B2CB124F00087E19D /* Debug */,
				BE72911C2CB124F00087E19D /* Release */,
			);
			defaultConfigurationIsVisible = 0;
			defaultConfigurationName = Release;
		};
		BE72911D2CB124F00087E19D /* Build configuration list for PBXNativeTarget "LargeText" */ = {
			isa = XCConfigurationList;
			buildConfigurations = (
				BE72911E2CB124F00087E19D /* Debug */,
				BE72911F2CB124F00087E19D /* Release */,
			);
			defaultConfigurationIsVisible = 0;
			defaultConfigurationName = Release;
		};
		BE7291202CB124F00087E19D /* Build configuration list for PBXNativeTarget "LargeTextTests" */ = {
			isa = XCConfigurationList;
			buildConfigurations = (
				BE7291212CB124F00087E19D /* Debug */,
				BE7291222CB124F00087E19D /* Release */,
			);
			defaultConfigurationIsVisible = 0;
			defaultConfigurationName = Release;
		};
		BE7291232CB124F00087E19D /* Build configuration list for PBXNativeTarget "LargeTextUITests" */ = {
			isa = XCConfigurationList;
			buildConfigurations = (
				BE7291242CB124F00087E19D /* Debug */,
				BE7291252CB124F00087E19D /* Release */,
			);
			defaultConfigurationIsVisible = 0;
			defaultConfigurationName = Release;
		};
/* End XCConfigurationList section */
	};
	rootObject = BE7290F02CB124EC0087E19D /* Project object */;
}
